
Microsoft Visual Studio Solution File, Format Version 12.00
# Visual Studio 15
VisualStudioVersion = 15.0.26228.9
MinimumVisualStudioVersion = 10.0.40219.1
Project("{FAE04EC0-301F-11D3-BF4B-00C04F79EFBC}") = "WebshopASP", "WebshopASP\WebshopASP.csproj", "{90B22649-6652-4BC3-94D5-D1B7B71341B2}"
EndProject
Project("{FAE04EC0-301F-11D3-BF4B-00C04F79EFBC}") = "WebshopASP.Tests", "WebshopASP.Tests\WebshopASP.Tests.csproj", "{BEF62023-19A6-48E3-ABA6-BBE6FAB529C9}"
EndProject
Project("{FAE04EC0-301F-11D3-BF4B-00C04F79EFBC}") = "DalWebshop", "DalWebshop\DalWebshop.csproj", "{52BA8898-B372-4BD8-A6EA-6CF5A79B0EE8}"
EndProject
Global
	GlobalSection(SolutionConfigurationPlatforms) = preSolution
		Debug|Any CPU = Debug|Any CPU
		Debug|ARM = Debug|ARM
		Debug|x64 = Debug|x64
		Debug|x86 = Debug|x86
		Release|Any CPU = Release|Any CPU
		Release|ARM = Release|ARM
		Release|x64 = Release|x64
		Release|x86 = Release|x86
	EndGlobalSection
	GlobalSection(ProjectConfigurationPlatforms) = postSolution
		{90B22649-6652-4BC3-94D5-D1B7B71341B2}.Debug|Any CPU.ActiveCfg = Debug|Any CPU
		{90B22649-6652-4BC3-94D5-D1B7B71341B2}.Debug|Any CPU.Build.0 = Debug|Any CPU
		{90B22649-6652-4BC3-94D5-D1B7B71341B2}.Debug|ARM.ActiveCfg = Debug|Any CPU
		{90B22649-6652-4BC3-94D5-D1B7B71341B2}.Debug|ARM.Build.0 = Debug|Any CPU
		{90B22649-6652-4BC3-94D5-D1B7B71341B2}.Debug|x64.ActiveCfg = Debug|Any CPU
		{90B22649-6652-4BC3-94D5-D1B7B71341B2}.Debug|x64.Build.0 = Debug|Any CPU
		{90B22649-6652-4BC3-94D5-D1B7B71341B2}.Debug|x86.ActiveCfg = Debug|Any CPU
		{90B22649-6652-4BC3-94D5-D1B7B71341B2}.Debug|x86.Build.0 = Debug|Any CPU
		{90B22649-6652-4BC3-94D5-D1B7B71341B2}.Release|Any CPU.ActiveCfg = Release|Any CPU
		{90B22649-6652-4BC3-94D5-D1B7B71341B2}.Release|Any CPU.Build.0 = Release|Any CPU
		{90B22649-6652-4BC3-94D5-D1B7B71341B2}.Release|ARM.ActiveCfg = Release|Any CPU
		{90B22649-6652-4BC3-94D5-D1B7B71341B2}.Release|ARM.Build.0 = Release|Any CPU
		{90B22649-6652-4BC3-94D5-D1B7B71341B2}.Release|x64.ActiveCfg = Release|Any CPU
		{90B22649-6652-4BC3-94D5-D1B7B71341B2}.Release|x64.Build.0 = Release|Any CPU
		{90B22649-6652-4BC3-94D5-D1B7B71341B2}.Release|x86.ActiveCfg = Release|Any CPU
		{90B22649-6652-4BC3-94D5-D1B7B71341B2}.Release|x86.Build.0 = Release|Any CPU
		{BEF62023-19A6-48E3-ABA6-BBE6FAB529C9}.Debug|Any CPU.ActiveCfg = Debug|Any CPU
		{BEF62023-19A6-48E3-ABA6-BBE6FAB529C9}.Debug|Any CPU.Build.0 = Debug|Any CPU
		{BEF62023-19A6-48E3-ABA6-BBE6FAB529C9}.Debug|ARM.ActiveCfg = Debug|Any CPU
		{BEF62023-19A6-48E3-ABA6-BBE6FAB529C9}.Debug|ARM.Build.0 = Debug|Any CPU
		{BEF62023-19A6-48E3-ABA6-BBE6FAB529C9}.Debug|x64.ActiveCfg = Debug|Any CPU
		{BEF62023-19A6-48E3-ABA6-BBE6FAB529C9}.Debug|x64.Build.0 = Debug|Any CPU
		{BEF62023-19A6-48E3-ABA6-BBE6FAB529C9}.Debug|x86.ActiveCfg = Debug|Any CPU
		{BEF62023-19A6-48E3-ABA6-BBE6FAB529C9}.Debug|x86.Build.0 = Debug|Any CPU
		{BEF62023-19A6-48E3-ABA6-BBE6FAB529C9}.Release|Any CPU.ActiveCfg = Release|Any CPU
		{BEF62023-19A6-48E3-ABA6-BBE6FAB529C9}.Release|Any CPU.Build.0 = Release|Any CPU
		{BEF62023-19A6-48E3-ABA6-BBE6FAB529C9}.Release|ARM.ActiveCfg = Release|Any CPU
		{BEF62023-19A6-48E3-ABA6-BBE6FAB529C9}.Release|ARM.Build.0 = Release|Any CPU
		{BEF62023-19A6-48E3-ABA6-BBE6FAB529C9}.Release|x64.ActiveCfg = Release|Any CPU
		{BEF62023-19A6-48E3-ABA6-BBE6FAB529C9}.Release|x64.Build.0 = Release|Any CPU
		{BEF62023-19A6-48E3-ABA6-BBE6FAB529C9}.Release|x86.ActiveCfg = Release|Any CPU
		{BEF62023-19A6-48E3-ABA6-BBE6FAB529C9}.Release|x86.Build.0 = Release|Any CPU
		{52BA8898-B372-4BD8-A6EA-6CF5A79B0EE8}.Debug|Any CPU.ActiveCfg = Debug|Any CPU
		{52BA8898-B372-4BD8-A6EA-6CF5A79B0EE8}.Debug|Any CPU.Build.0 = Debug|Any CPU
		{52BA8898-B372-4BD8-A6EA-6CF5A79B0EE8}.Debug|ARM.ActiveCfg = Debug|Any CPU
		{52BA8898-B372-4BD8-A6EA-6CF5A79B0EE8}.Debug|ARM.Build.0 = Debug|Any CPU
		{52BA8898-B372-4BD8-A6EA-6CF5A79B0EE8}.Debug|x64.ActiveCfg = Debug|Any CPU
		{52BA8898-B372-4BD8-A6EA-6CF5A79B0EE8}.Debug|x64.Build.0 = Debug|Any CPU
		{52BA8898-B372-4BD8-A6EA-6CF5A79B0EE8}.Debug|x86.ActiveCfg = Debug|Any CPU
		{52BA8898-B372-4BD8-A6EA-6CF5A79B0EE8}.Debug|x86.Build.0 = Debug|Any CPU
		{52BA8898-B372-4BD8-A6EA-6CF5A79B0EE8}.Release|Any CPU.ActiveCfg = Release|Any CPU
		{52BA8898-B372-4BD8-A6EA-6CF5A79B0EE8}.Release|Any CPU.Build.0 = Release|Any CPU
		{52BA8898-B372-4BD8-A6EA-6CF5A79B0EE8}.Release|ARM.ActiveCfg = Release|Any CPU
		{52BA8898-B372-4BD8-A6EA-6CF5A79B0EE8}.Release|ARM.Build.0 = Release|Any CPU
		{52BA8898-B372-4BD8-A6EA-6CF5A79B0EE8}.Release|x64.ActiveCfg = Release|Any CPU
		{52BA8898-B372-4BD8-A6EA-6CF5A79B0EE8}.Release|x64.Build.0 = Release|Any CPU
		{52BA8898-B372-4BD8-A6EA-6CF5A79B0EE8}.Release|x86.ActiveCfg = Release|Any CPU
		{52BA8898-B372-4BD8-A6EA-6CF5A79B0EE8}.Release|x86.Build.0 = Release|Any CPU
	EndGlobalSection
	GlobalSection(SolutionProperties) = preSolution
		HideSolutionNode = FALSE
	EndGlobalSection
EndGlobal
